// !$*UTF8*$!
{
	archiveVersion = 1;
	classes = {
	};
	objectVersion = 50;
	objects = {

/* Begin PBXBuildFile section */
		102EF621236D855700C25F34 /* AppDelegate.swift in Sources */ = {isa = PBXBuildFile; fileRef = 102EF620236D855700C25F34 /* AppDelegate.swift */; };
		102EF623236D855700C25F34 /* SceneDelegate.swift in Sources */ = {isa = PBXBuildFile; fileRef = 102EF622236D855700C25F34 /* SceneDelegate.swift */; };
		102EF625236D855700C25F34 /* ContentView.swift in Sources */ = {isa = PBXBuildFile; fileRef = 102EF624236D855700C25F34 /* ContentView.swift */; };
		102EF627236D855B00C25F34 /* Assets.xcassets in Resources */ = {isa = PBXBuildFile; fileRef = 102EF626236D855B00C25F34 /* Assets.xcassets */; };
		102EF62A236D855B00C25F34 /* Preview Assets.xcassets in Resources */ = {isa = PBXBuildFile; fileRef = 102EF629236D855B00C25F34 /* Preview Assets.xcassets */; };
		102EF62D236D855B00C25F34 /* LaunchScreen.storyboard in Resources */ = {isa = PBXBuildFile; fileRef = 102EF62B236D855B00C25F34 /* LaunchScreen.storyboard */; };
		102EF637236D85DC00C25F34 /* Astronaut.swift in Sources */ = {isa = PBXBuildFile; fileRef = 102EF636236D85DC00C25F34 /* Astronaut.swift */; };
		102EF63A236D862400C25F34 /* Bundle+Extension.swift in Sources */ = {isa = PBXBuildFile; fileRef = 102EF639236D862400C25F34 /* Bundle+Extension.swift */; };
		107D5B2C236F6F73002FFA61 /* MissionView.swift in Sources */ = {isa = PBXBuildFile; fileRef = 107D5B2B236F6F73002FFA61 /* MissionView.swift */; };
		107D5B2E236F857D002FFA61 /* AstronautView.swift in Sources */ = {isa = PBXBuildFile; fileRef = 107D5B2D236F857D002FFA61 /* AstronautView.swift */; };
		10B19FCB236D8A20004E8C83 /* missions.json in Resources */ = {isa = PBXBuildFile; fileRef = 10B19FC9236D8A20004E8C83 /* missions.json */; };
		10B19FCC236D8A20004E8C83 /* astronauts.json in Resources */ = {isa = PBXBuildFile; fileRef = 10B19FCA236D8A20004E8C83 /* astronauts.json */; };
		10B19FCE236D8B88004E8C83 /* Mission.swift in Sources */ = {isa = PBXBuildFile; fileRef = 10B19FCD236D8B88004E8C83 /* Mission.swift */; };
/* End PBXBuildFile section */

/* Begin PBXFileReference section */
		102EF61D236D855700C25F34 /* Moonshot.app */ = {isa = PBXFileReference; explicitFileType = wrapper.application; includeInIndex = 0; path = Moonshot.app; sourceTree = BUILT_PRODUCTS_DIR; };
		102EF620236D855700C25F34 /* AppDelegate.swift */ = {isa = PBXFileReference; lastKnownFileType = sourcecode.swift; path = AppDelegate.swift; sourceTree = "<group>"; };
		102EF622236D855700C25F34 /* SceneDelegate.swift */ = {isa = PBXFileReference; lastKnownFileType = sourcecode.swift; path = SceneDelegate.swift; sourceTree = "<group>"; };
		102EF624236D855700C25F34 /* ContentView.swift */ = {isa = PBXFileReference; lastKnownFileType = sourcecode.swift; path = ContentView.swift; sourceTree = "<group>"; };
		102EF626236D855B00C25F34 /* Assets.xcassets */ = {isa = PBXFileReference; lastKnownFileType = folder.assetcatalog; path = Assets.xcassets; sourceTree = "<group>"; };
		102EF629236D855B00C25F34 /* Preview Assets.xcassets */ = {isa = PBXFileReference; lastKnownFileType = folder.assetcatalog; path = "Preview Assets.xcassets"; sourceTree = "<group>"; };
		102EF62C236D855B00C25F34 /* Base */ = {isa = PBXFileReference; lastKnownFileType = file.storyboard; name = Base; path = Base.lproj/LaunchScreen.storyboard; sourceTree = "<group>"; };
		102EF62E236D855B00C25F34 /* Info.plist */ = {isa = PBXFileReference; lastKnownFileType = text.plist.xml; path = Info.plist; sourceTree = "<group>"; };
		102EF636236D85DC00C25F34 /* Astronaut.swift */ = {isa = PBXFileReference; lastKnownFileType = sourcecode.swift; path = Astronaut.swift; sourceTree = "<group>"; };
		102EF639236D862400C25F34 /* Bundle+Extension.swift */ = {isa = PBXFileReference; lastKnownFileType = sourcecode.swift; path = "Bundle+Extension.swift"; sourceTree = "<group>"; };
		107D5B2B236F6F73002FFA61 /* MissionView.swift */ = {isa = PBXFileReference; lastKnownFileType = sourcecode.swift; path = MissionView.swift; sourceTree = "<group>"; };
		107D5B2D236F857D002FFA61 /* AstronautView.swift */ = {isa = PBXFileReference; lastKnownFileType = sourcecode.swift; path = AstronautView.swift; sourceTree = "<group>"; };
		10B19FC9236D8A20004E8C83 /* missions.json */ = {isa = PBXFileReference; fileEncoding = 4; lastKnownFileType = text.json; path = missions.json; sourceTree = "<group>"; };
		10B19FCA236D8A20004E8C83 /* astronauts.json */ = {isa = PBXFileReference; fileEncoding = 4; lastKnownFileType = text.json; path = astronauts.json; sourceTree = "<group>"; };
		10B19FCD236D8B88004E8C83 /* Mission.swift */ = {isa = PBXFileReference; lastKnownFileType = sourcecode.swift; path = Mission.swift; sourceTree = "<group>"; };
/* End PBXFileReference section */

/* Begin PBXFrameworksBuildPhase section */
		102EF61A236D855700C25F34 /* Frameworks */ = {
			isa = PBXFrameworksBuildPhase;
			buildActionMask = 2147483647;
			files = (
			);
			runOnlyForDeploymentPostprocessing = 0;
		};
/* End PBXFrameworksBuildPhase section */

/* Begin PBXGroup section */
		102EF614236D855700C25F34 = {
			isa = PBXGroup;
			children = (
				102EF61F236D855700C25F34 /* Moonshot */,
				102EF61E236D855700C25F34 /* Products */,
			);
			sourceTree = "<group>";
		};
		102EF61E236D855700C25F34 /* Products */ = {
			isa = PBXGroup;
			children = (
				102EF61D236D855700C25F34 /* Moonshot.app */,
			);
			name = Products;
			sourceTree = "<group>";
		};
		102EF61F236D855700C25F34 /* Moonshot */ = {
			isa = PBXGroup;
			children = (
				102EF638236D860E00C25F34 /* Extension */,
				102EF635236D85CC00C25F34 /* View */,
				102EF634236D859800C25F34 /* Model */,
				102EF620236D855700C25F34 /* AppDelegate.swift */,
				102EF622236D855700C25F34 /* SceneDelegate.swift */,
				102EF626236D855B00C25F34 /* Assets.xcassets */,
				10B19FCA236D8A20004E8C83 /* astronauts.json */,
				10B19FC9236D8A20004E8C83 /* missions.json */,
				102EF62B236D855B00C25F34 /* LaunchScreen.storyboard */,
				102EF62E236D855B00C25F34 /* Info.plist */,
				102EF628236D855B00C25F34 /* Preview Content */,
			);
			path = Moonshot;
			sourceTree = "<group>";
		};
		102EF628236D855B00C25F34 /* Preview Content */ = {
			isa = PBXGroup;
			children = (
				102EF629236D855B00C25F34 /* Preview Assets.xcassets */,
			);
			path = "Preview Content";
			sourceTree = "<group>";
		};
		102EF634236D859800C25F34 /* Model */ = {
			isa = PBXGroup;
			children = (
				102EF636236D85DC00C25F34 /* Astronaut.swift */,
				10B19FCD236D8B88004E8C83 /* Mission.swift */,
			);
			path = Model;
			sourceTree = "<group>";
		};
		102EF635236D85CC00C25F34 /* View */ = {
			isa = PBXGroup;
			children = (
				102EF624236D855700C25F34 /* ContentView.swift */,
				107D5B2D236F857D002FFA61 /* AstronautView.swift */,
				107D5B2B236F6F73002FFA61 /* MissionView.swift */,
			);
			path = View;
			sourceTree = "<group>";
		};
		102EF638236D860E00C25F34 /* Extension */ = {
			isa = PBXGroup;
			children = (
				102EF639236D862400C25F34 /* Bundle+Extension.swift */,
			);
			path = Extension;
			sourceTree = "<group>";
		};
/* End PBXGroup section */

/* Begin PBXNativeTarget section */
		102EF61C236D855700C25F34 /* Moonshot */ = {
			isa = PBXNativeTarget;
			buildConfigurationList = 102EF631236D855B00C25F34 /* Build configuration list for PBXNativeTarget "Moonshot" */;
			buildPhases = (
				102EF619236D855700C25F34 /* Sources */,
				102EF61A236D855700C25F34 /* Frameworks */,
				102EF61B236D855700C25F34 /* Resources */,
			);
			buildRules = (
			);
			dependencies = (
			);
			name = Moonshot;
			productName = Moonshot;
			productReference = 102EF61D236D855700C25F34 /* Moonshot.app */;
			productType = "com.apple.product-type.application";
		};
/* End PBXNativeTarget section */

/* Begin PBXProject section */
		102EF615236D855700C25F34 /* Project object */ = {
			isa = PBXProject;
			attributes = {
				LastSwiftUpdateCheck = 1120;
				LastUpgradeCheck = 1120;
				ORGANIZATIONNAME = "asplundo development";
				TargetAttributes = {
					102EF61C236D855700C25F34 = {
						CreatedOnToolsVersion = 11.2;
					};
				};
			};
			buildConfigurationList = 102EF618236D855700C25F34 /* Build configuration list for PBXProject "Moonshot" */;
			compatibilityVersion = "Xcode 9.3";
			developmentRegion = en;
			hasScannedForEncodings = 0;
			knownRegions = (
				en,
				Base,
			);
			mainGroup = 102EF614236D855700C25F34;
			productRefGroup = 102EF61E236D855700C25F34 /* Products */;
			projectDirPath = "";
			projectRoot = "";
			targets = (
				102EF61C236D855700C25F34 /* Moonshot */,
			);
		};
/* End PBXProject section */

/* Begin PBXResourcesBuildPhase section */
		102EF61B236D855700C25F34 /* Resources */ = {
			isa = PBXResourcesBuildPhase;
			buildActionMask = 2147483647;
			files = (
				102EF62D236D855B00C25F34 /* LaunchScreen.storyboard in Resources */,
				102EF62A236D855B00C25F34 /* Preview Assets.xcassets in Resources */,
				10B19FCB236D8A20004E8C83 /* missions.json in Resources */,
				10B19FCC236D8A20004E8C83 /* astronauts.json in Resources */,
				102EF627236D855B00C25F34 /* Assets.xcassets in Resources */,
			);
			runOnlyForDeploymentPostprocessing = 0;
		};
/* End PBXResourcesBuildPhase section */

/* Begin PBXSourcesBuildPhase section */
		102EF619236D855700C25F34 /* Sources */ = {
			isa = PBXSourcesBuildPhase;
			buildActionMask = 2147483647;
			files = (
				107D5B2C236F6F73002FFA61 /* MissionView.swift in Sources */,
				10B19FCE236D8B88004E8C83 /* Mission.swift in Sources */,
				107D5B2E236F857D002FFA61 /* AstronautView.swift in Sources */,
				102EF621236D855700C25F34 /* AppDelegate.swift in Sources */,
				102EF63A236D862400C25F34 /* Bundle+Extension.swift in Sources */,
				102EF623236D855700C25F34 /* SceneDelegate.swift in Sources */,
				102EF625236D855700C25F34 /* ContentView.swift in Sources */,
				102EF637236D85DC00C25F34 /* Astronaut.swift in Sources */,
			);
			runOnlyForDeploymentPostprocessing = 0;
		};
/* End PBXSourcesBuildPhase section */

/* Begin PBXVariantGroup section */
		102EF62B236D855B00C25F34 /* LaunchScreen.storyboard */ = {
			isa = PBXVariantGroup;
			children = (
				102EF62C236D855B00C25F34 /* Base */,
			);
			name = LaunchScreen.storyboard;
			sourceTree = "<group>";
		};
/* End PBXVariantGroup section */

/* Begin XCBuildConfiguration section */
		102EF62F236D855B00C25F34 /* Debug */ = {
			isa = XCBuildConfiguration;
			buildSettings = {
				ALWAYS_SEARCH_USER_PATHS = NO;
				CLANG_ANALYZER_NONNULL = YES;
				CLANG_ANALYZER_NUMBER_OBJECT_CONVERSION = YES_AGGRESSIVE;
				CLANG_CXX_LANGUAGE_STANDARD = "gnu++14";
				CLANG_CXX_LIBRARY = "libc++";
				CLANG_ENABLE_MODULES = YES;
				CLANG_ENABLE_OBJC_ARC = YES;
				CLANG_ENABLE_OBJC_WEAK = YES;
				CLANG_WARN_BLOCK_CAPTURE_AUTORELEASING = YES;
				CLANG_WARN_BOOL_CONVERSION = YES;
				CLANG_WARN_COMMA = YES;
				CLANG_WARN_CONSTANT_CONVERSION = YES;
				CLANG_WARN_DEPRECATED_OBJC_IMPLEMENTATIONS = YES;
				CLANG_WARN_DIRECT_OBJC_ISA_USAGE = YES_ERROR;
				CLANG_WARN_DOCUMENTATION_COMMENTS = YES;
				CLANG_WARN_EMPTY_BODY = YES;
				CLANG_WARN_ENUM_CONVERSION = YES;
				CLANG_WARN_INFINITE_RECURSION = YES;
				CLANG_WARN_INT_CONVERSION = YES;
				CLANG_WARN_NON_LITERAL_NULL_CONVERSION = YES;
				CLANG_WARN_OBJC_IMPLICIT_RETAIN_SELF = YES;
				CLANG_WARN_OBJC_LITERAL_CONVERSION = YES;
				CLANG_WARN_OBJC_ROOT_CLASS = YES_ERROR;
				CLANG_WARN_RANGE_LOOP_ANALYSIS = YES;
				CLANG_WARN_STRICT_PROTOTYPES = YES;
				CLANG_WARN_SUSPICIOUS_MOVE = YES;
				CLANG_WARN_UNGUARDED_AVAILABILITY = YES_AGGRESSIVE;
				CLANG_WARN_UNREACHABLE_CODE = YES;
				CLANG_WARN__DUPLICATE_METHOD_MATCH = YES;
				COPY_PHASE_STRIP = NO;
				DEBUG_INFORMATION_FORMAT = dwarf;
				ENABLE_STRICT_OBJC_MSGSEND = YES;
				ENABLE_TESTABILITY = YES;
				GCC_C_LANGUAGE_STANDARD = gnu11;
				GCC_DYNAMIC_NO_PIC = NO;
				GCC_NO_COMMON_BLOCKS = YES;
				GCC_OPTIMIZATION_LEVEL = 0;
				GCC_PREPROCESSOR_DEFINITIONS = (
					"DEBUG=1",
					"$(inherited)",
				);
				GCC_WARN_64_TO_32_BIT_CONVERSION = YES;
				GCC_WARN_ABOUT_RETURN_TYPE = YES_ERROR;
				GCC_WARN_UNDECLARED_SELECTOR = YES;
				GCC_WARN_UNINITIALIZED_AUTOS = YES_AGGRESSIVE;
				GCC_WARN_UNUSED_FUNCTION = YES;
				GCC_WARN_UNUSED_VARIABLE = YES;
				IPHONEOS_DEPLOYMENT_TARGET = 13.2;
				MTL_ENABLE_DEBUG_INFO = INCLUDE_SOURCE;
				MTL_FAST_MATH = YES;
				ONLY_ACTIVE_ARCH = YES;
				SDKROOT = iphoneos;
				SWIFT_ACTIVE_COMPILATION_CONDITIONS = DEBUG;
				SWIFT_OPTIMIZATION_LEVEL = "-Onone";
			};
			name = Debug;
		};
		102EF630236D855B00C25F34 /* Release */ = {
			isa = XCBuildConfiguration;
			buildSettings = {
				ALWAYS_SEARCH_USER_PATHS = NO;
				CLANG_ANALYZER_NONNULL = YES;
				CLANG_ANALYZER_NUMBER_OBJECT_CONVERSION = YES_AGGRESSIVE;
				CLANG_CXX_LANGUAGE_STANDARD = "gnu++14";
				CLANG_CXX_LIBRARY = "libc++";
				CLANG_ENABLE_MODULES = YES;
				CLANG_ENABLE_OBJC_ARC = YES;
				CLANG_ENABLE_OBJC_WEAK = YES;
				CLANG_WARN_BLOCK_CAPTURE_AUTORELEASING = YES;
				CLANG_WARN_BOOL_CONVERSION = YES;
				CLANG_WARN_COMMA = YES;
				CLANG_WARN_CONSTANT_CONVERSION = YES;
				CLANG_WARN_DEPRECATED_OBJC_IMPLEMENTATIONS = YES;
				CLANG_WARN_DIRECT_OBJC_ISA_USAGE = YES_ERROR;
				CLANG_WARN_DOCUMENTATION_COMMENTS = YES;
				CLANG_WARN_EMPTY_BODY = YES;
				CLANG_WARN_ENUM_CONVERSION = YES;
				CLANG_WARN_INFINITE_RECURSION = YES;
				CLANG_WARN_INT_CONVERSION = YES;
				CLANG_WARN_NON_LITERAL_NULL_CONVERSION = YES;
				CLANG_WARN_OBJC_IMPLICIT_RETAIN_SELF = YES;
				CLANG_WARN_OBJC_LITERAL_CONVERSION = YES;
				CLANG_WARN_OBJC_ROOT_CLASS = YES_ERROR;
				CLANG_WARN_RANGE_LOOP_ANALYSIS = YES;
				CLANG_WARN_STRICT_PROTOTYPES = YES;
				CLANG_WARN_SUSPICIOUS_MOVE = YES;
				CLANG_WARN_UNGUARDED_AVAILABILITY = YES_AGGRESSIVE;
				CLANG_WARN_UNREACHABLE_CODE = YES;
				CLANG_WARN__DUPLICATE_METHOD_MATCH = YES;
				COPY_PHASE_STRIP = NO;
				DEBUG_INFORMATION_FORMAT = "dwarf-with-dsym";
				ENABLE_NS_ASSERTIONS = NO;
				ENABLE_STRICT_OBJC_MSGSEND = YES;
				GCC_C_LANGUAGE_STANDARD = gnu11;
				GCC_NO_COMMON_BLOCKS = YES;
				GCC_WARN_64_TO_32_BIT_CONVERSION = YES;
				GCC_WARN_ABOUT_RETURN_TYPE = YES_ERROR;
				GCC_WARN_UNDECLARED_SELECTOR = YES;
				GCC_WARN_UNINITIALIZED_AUTOS = YES_AGGRESSIVE;
				GCC_WARN_UNUSED_FUNCTION = YES;
				GCC_WARN_UNUSED_VARIABLE = YES;
				IPHONEOS_DEPLOYMENT_TARGET = 13.2;
				MTL_ENABLE_DEBUG_INFO = NO;
				MTL_FAST_MATH = YES;
				SDKROOT = iphoneos;
				SWIFT_COMPILATION_MODE = wholemodule;
				SWIFT_OPTIMIZATION_LEVEL = "-O";
				VALIDATE_PRODUCT = YES;
			};
			name = Release;
		};
		102EF632236D855B00C25F34 /* Debug */ = {
			isa = XCBuildConfiguration;
			buildSettings = {
				ASSETCATALOG_COMPILER_APPICON_NAME = AppIcon;
				CODE_SIGN_STYLE = Automatic;
				DEVELOPMENT_ASSET_PATHS = "\"Moonshot/Preview Content\"";
				DEVELOPMENT_TEAM = 95J6QC3H48;
				ENABLE_PREVIEWS = YES;
				INFOPLIST_FILE = Moonshot/Info.plist;
				LD_RUNPATH_SEARCH_PATHS = (
					"$(inherited)",
					"@executable_path/Frameworks",
				);
				PRODUCT_BUNDLE_IDENTIFIER = se.asplundo.Moonshot;
				PRODUCT_NAME = "$(TARGET_NAME)";
				SWIFT_VERSION = 5.0;
				TARGETED_DEVICE_FAMILY = "1,2";
			};
			name = Debug;
		};
		102EF633236D855B00C25F34 /* Release */ = {
			isa = XCBuildConfiguration;
			buildSettings = {
				ASSETCATALOG_COMPILER_APPICON_NAME = AppIcon;
				CODE_SIGN_STYLE = Automatic;
				DEVELOPMENT_ASSET_PATHS = "\"Moonshot/Preview Content\"";
				DEVELOPMENT_TEAM = 95J6QC3H48;
				ENABLE_PREVIEWS = YES;
				INFOPLIST_FILE = Moonshot/Info.plist;
				LD_RUNPATH_SEARCH_PATHS = (
					"$(inherited)",
					"@executable_path/Frameworks",
				);
				PRODUCT_BUNDLE_IDENTIFIER = se.asplundo.Moonshot;
				PRODUCT_NAME = "$(TARGET_NAME)";
				SWIFT_VERSION = 5.0;
				TARGETED_DEVICE_FAMILY = "1,2";
			};
			name = Release;
		};
/* End XCBuildConfiguration section */

/* Begin XCConfigurationList section */
		102EF618236D855700C25F34 /* Build configuration list for PBXProject "Moonshot" */ = {
			isa = XCConfigurationList;
			buildConfigurations = (
				102EF62F236D855B00C25F34 /* Debug */,
				102EF630236D855B00C25F34 /* Release */,
			);
			defaultConfigurationIsVisible = 0;
			defaultConfigurationName = Release;
		};
		102EF631236D855B00C25F34 /* Build configuration list for PBXNativeTarget "Moonshot" */ = {
			isa = XCConfigurationList;
			buildConfigurations = (
				102EF632236D855B00C25F34 /* Debug */,
				102EF633236D855B00C25F34 /* Release */,
			);
			defaultConfigurationIsVisible = 0;
			defaultConfigurationName = Release;
		};
/* End XCConfigurationList section */
	};
	rootObject = 102EF615236D855700C25F34 /* Project object */;
}
